
Microsoft Visual Studio Solution File, Format Version 12.00
# Visual Studio Version 17
VisualStudioVersion = 17.14.36203.30 d17.14
MinimumVisualStudioVersion = 10.0.40219.1
Project("{FAE04EC0-301F-11D3-BF4B-00C04F79EFBC}") = "NET.Starter.API", "NET.Starter.API\NET.Starter.API.csproj", "{255134D6-BE8B-4477-8791-2F47327ACC31}"
EndProject
Project("{FAE04EC0-301F-11D3-BF4B-00C04F79EFBC}") = "NET.Starter.Shared", "NET.Starter.Shared\NET.Starter.Shared.csproj", "{9B2ACF26-D903-46FA-A9BE-9BD2C11A648C}"
EndProject
Project("{FAE04EC0-301F-11D3-BF4B-00C04F79EFBC}") = "NET.Starter.DataAccess", "NET.Starter.DataAccess\NET.Starter.DataAccess.csproj", "{14311D0F-D386-486D-9898-4097B7CBD3EB}"
EndProject
Project("{FAE04EC0-301F-11D3-BF4B-00C04F79EFBC}") = "NET.Starter.Core", "NET.Starter.Core\NET.Starter.Core.csproj", "{7C4B1A24-C5DA-42D0-A8A5-FB7C758AB5D4}"
EndProject
Global
	GlobalSection(SolutionConfigurationPlatforms) = preSolution
		Debug|Any CPU = Debug|Any CPU
		Release|Any CPU = Release|Any CPU
	EndGlobalSection
	GlobalSection(ProjectConfigurationPlatforms) = postSolution
		{255134D6-BE8B-4477-8791-2F47327ACC31}.Debug|Any CPU.ActiveCfg = Debug|Any CPU
		{255134D6-BE8B-4477-8791-2F47327ACC31}.Debug|Any CPU.Build.0 = Debug|Any CPU
		{255134D6-BE8B-4477-8791-2F47327ACC31}.Release|Any CPU.ActiveCfg = Release|Any CPU
		{255134D6-BE8B-4477-8791-2F47327ACC31}.Release|Any CPU.Build.0 = Release|Any CPU
		{9B2ACF26-D903-46FA-A9BE-9BD2C11A648C}.Debug|Any CPU.ActiveCfg = Debug|Any CPU
		{9B2ACF26-D903-46FA-A9BE-9BD2C11A648C}.Debug|Any CPU.Build.0 = Debug|Any CPU
		{9B2ACF26-D903-46FA-A9BE-9BD2C11A648C}.Release|Any CPU.ActiveCfg = Release|Any CPU
		{9B2ACF26-D903-46FA-A9BE-9BD2C11A648C}.Release|Any CPU.Build.0 = Release|Any CPU
		{14311D0F-D386-486D-9898-4097B7CBD3EB}.Debug|Any CPU.ActiveCfg = Debug|Any CPU
		{14311D0F-D386-486D-9898-4097B7CBD3EB}.Debug|Any CPU.Build.0 = Debug|Any CPU
		{14311D0F-D386-486D-9898-4097B7CBD3EB}.Release|Any CPU.ActiveCfg = Release|Any CPU
		{14311D0F-D386-486D-9898-4097B7CBD3EB}.Release|Any CPU.Build.0 = Release|Any CPU
		{7C4B1A24-C5DA-42D0-A8A5-FB7C758AB5D4}.Debug|Any CPU.ActiveCfg = Debug|Any CPU
		{7C4B1A24-C5DA-42D0-A8A5-FB7C758AB5D4}.Debug|Any CPU.Build.0 = Debug|Any CPU
		{7C4B1A24-C5DA-42D0-A8A5-FB7C758AB5D4}.Release|Any CPU.ActiveCfg = Release|Any CPU
		{7C4B1A24-C5DA-42D0-A8A5-FB7C758AB5D4}.Release|Any CPU.Build.0 = Release|Any CPU
	EndGlobalSection
	GlobalSection(SolutionProperties) = preSolution
		HideSolutionNode = FALSE
	EndGlobalSection
	GlobalSection(ExtensibilityGlobals) = postSolution
		SolutionGuid = {B3C5A36D-D379-4393-8B49-A497D7B1DB4A}
	EndGlobalSection
EndGlobal
